
Microsoft Visual Studio Solution File, Format Version 12.00
# Visual Studio Version 16
VisualStudioVersion = 16.0.29324.140
MinimumVisualStudioVersion = 10.0.40219.1
Project("{FAE04EC0-301F-11D3-BF4B-00C04F79EFBC}") = "Cesar", "Cesar.csproj", "{C12B2F80-9DFA-425B-B923-2C3180F30EBF}"
EndProject
Global
	GlobalSection(SolutionConfigurationPlatforms) = preSolution
		Debug|Any CPU = Debug|Any CPU
		Release|Any CPU = Release|Any CPU
	EndGlobalSection
	GlobalSection(ProjectConfigurationPlatforms) = postSolution
		{C12B2F80-9DFA-425B-B923-2C3180F30EBF}.Debug|Any CPU.ActiveCfg = Debug|Any CPU
		{C12B2F80-9DFA-425B-B923-2C3180F30EBF}.Debug|Any CPU.Build.0 = Debug|Any CPU
		{C12B2F80-9DFA-425B-B923-2C3180F30EBF}.Release|Any CPU.ActiveCfg = Release|Any CPU
		{C12B2F80-9DFA-425B-B923-2C3180F30EBF}.Release|Any CPU.Build.0 = Release|Any CPU
	EndGlobalSection
	GlobalSection(SolutionProperties) = preSolution
		HideSolutionNode = FALSE
	EndGlobalSection
	GlobalSection(ExtensibilityGlobals) = postSolution
		SolutionGuid = {73D92D26-1C7E-4AC7-A804-F8C5EC3AA4AB}
	EndGlobalSection
EndGlobal
